
Microsoft Visual Studio Solution File, Format Version 12.00
# Visual Studio Version 17
VisualStudioVersion = 17.2.32516.85
MinimumVisualStudioVersion = 10.0.40219.1
Project("{FAE04EC0-301F-11D3-BF4B-00C04F79EFBC}") = "ProjetoEstagioV5", "ProjetoEstagioV5.csproj", "{4535739B-48B4-41CC-B818-C9DC4A8DCCE4}"
EndProject
Global
	GlobalSection(SolutionConfigurationPlatforms) = preSolution
		Debug|Any CPU = Debug|Any CPU
		Release|Any CPU = Release|Any CPU
	EndGlobalSection
	GlobalSection(ProjectConfigurationPlatforms) = postSolution
		{4535739B-48B4-41CC-B818-C9DC4A8DCCE4}.Debug|Any CPU.ActiveCfg = Debug|Any CPU
		{4535739B-48B4-41CC-B818-C9DC4A8DCCE4}.Debug|Any CPU.Build.0 = Debug|Any CPU
		{4535739B-48B4-41CC-B818-C9DC4A8DCCE4}.Release|Any CPU.ActiveCfg = Release|Any CPU
		{4535739B-48B4-41CC-B818-C9DC4A8DCCE4}.Release|Any CPU.Build.0 = Release|Any CPU
	EndGlobalSection
	GlobalSection(SolutionProperties) = preSolution
		HideSolutionNode = FALSE
	EndGlobalSection
	GlobalSection(ExtensibilityGlobals) = postSolution
		SolutionGuid = {A30C7E7D-06D5-4220-810A-17EC50800677}
	EndGlobalSection
EndGlobal
